
Microsoft Visual Studio Solution File, Format Version 12.00
# Visual Studio Version 17
VisualStudioVersion = 17.11.35327.3
MinimumVisualStudioVersion = 10.0.40219.1
Project("{FAE04EC0-301F-11D3-BF4B-00C04F79EFBC}") = "Test_project", "Test_project\Test_project.csproj", "{2064F05C-7E85-4C66-AC93-6A0AAACBF669}"
EndProject
Global
	GlobalSection(SolutionConfigurationPlatforms) = preSolution
		Debug|Any CPU = Debug|Any CPU
		Release|Any CPU = Release|Any CPU
	EndGlobalSection
	GlobalSection(ProjectConfigurationPlatforms) = postSolution
		{2064F05C-7E85-4C66-AC93-6A0AAACBF669}.Debug|Any CPU.ActiveCfg = Debug|Any CPU
		{2064F05C-7E85-4C66-AC93-6A0AAACBF669}.Debug|Any CPU.Build.0 = Debug|Any CPU
		{2064F05C-7E85-4C66-AC93-6A0AAACBF669}.Release|Any CPU.ActiveCfg = Release|Any CPU
		{2064F05C-7E85-4C66-AC93-6A0AAACBF669}.Release|Any CPU.Build.0 = Release|Any CPU
	EndGlobalSection
	GlobalSection(SolutionProperties) = preSolution
		HideSolutionNode = FALSE
	EndGlobalSection
	GlobalSection(ExtensibilityGlobals) = postSolution
		SolutionGuid = {DCBADAEA-FE03-47CF-B032-E8D9925409C6}
	EndGlobalSection
EndGlobal
